{
    "name": "directive-views",
    "version": "0.0.1",
    "lockfileVersion": 3,
    "requires": true,
    "packages": {
        "": {
            "name": "directive-views",
            "version": "0.0.1",
            "license": "ISC",
            "dependencies": {
                "@xesam/timer": "^0.1.0",
                "json5": "^2.2.3"
            }
        },
        "node_modules/@xesam/timer": {
            "version": "0.1.0",
            "resolved": "https://registry.npmmirror.com/@xesam/timer/-/timer-0.1.0.tgz",
            "integrity": "sha512-lKjwEQtVZTdhtKGzpzNmoX5v1guvpZaMqWRgMpW8h627D5QydKHyt+S1MyYpFlLqGY8D1p8mKOJyq2XdtWnunw==",
            "dependencies": {
                "mitt": "^3.0.1"
            }
        },
        "node_modules/json5": {
            "version": "2.2.3",
            "resolved": "https://registry.npmmirror.com/json5/-/json5-2.2.3.tgz",
            "integrity": "sha512-XmOWe7eyHYH14cLdVPoyg+GOH3rYX++KpzrylJwSW98t3Nk+U8XOl8FWKOgwtzdb8lXGf6zYwDUzeHMWfxasyg==",
            "bin": {
                "json5": "lib/cli.js"
            },
            "engines": {
                "node": ">=6"
            }
        },
        "node_modules/mitt": {
            "version": "3.0.1",
            "resolved": "https://registry.npmmirror.com/mitt/-/mitt-3.0.1.tgz",
            "integrity": "sha512-vKivATfr97l2/QBCYAkXYDbrIWPM2IIKEl7YPhjCvKlG3kE2gm+uBo6nEXK3M5/Ffh/FLpKExzOQ3JJoJGFKBw=="
        }
    }
}
